
Microsoft Visual Studio Solution File, Format Version 12.00
# Visual Studio Version 16
VisualStudioVersion = 16.0.29025.244
MinimumVisualStudioVersion = 10.0.40219.1
Project("{8BC9CEB8-8B4A-11D0-8D11-00A0C91BC942}") = "Project", "Project\Project.vcxproj", "{926464CC-3674-41A7-A66D-C3E53A2D7FEF}"
EndProject
Global
	GlobalSection(SolutionConfigurationPlatforms) = preSolution
		Debug|x64 = Debug|x64
		Debug|x86 = Debug|x86
		Release|x64 = Release|x64
		Release|x86 = Release|x86
	EndGlobalSection
	GlobalSection(ProjectConfigurationPlatforms) = postSolution
		{926464CC-3674-41A7-A66D-C3E53A2D7FEF}.Debug|x64.ActiveCfg = Debug|x64
		{926464CC-3674-41A7-A66D-C3E53A2D7FEF}.Debug|x64.Build.0 = Debug|x64
		{926464CC-3674-41A7-A66D-C3E53A2D7FEF}.Debug|x86.ActiveCfg = Debug|Win32
		{926464CC-3674-41A7-A66D-C3E53A2D7FEF}.Debug|x86.Build.0 = Debug|Win32
		{926464CC-3674-41A7-A66D-C3E53A2D7FEF}.Release|x64.ActiveCfg = Release|x64
		{926464CC-3674-41A7-A66D-C3E53A2D7FEF}.Release|x64.Build.0 = Release|x64
		{926464CC-3674-41A7-A66D-C3E53A2D7FEF}.Release|x86.ActiveCfg = Release|Win32
		{926464CC-3674-41A7-A66D-C3E53A2D7FEF}.Release|x86.Build.0 = Release|Win32
	EndGlobalSection
	GlobalSection(SolutionProperties) = preSolution
		HideSolutionNode = FALSE
	EndGlobalSection
	GlobalSection(ExtensibilityGlobals) = postSolution
		SolutionGuid = {930064DB-68BA-4A59-A944-7C90900BB9F0}
	EndGlobalSection
EndGlobal
